
Microsoft Visual Studio Solution File, Format Version 12.00
# Visual Studio 2012
Project("{E24C65DC-7377-472B-9ABA-BC803B73C61A}") = "Music Player Online", "http://localhost:54908", "{49020949-84BC-4760-B4F9-FB28D03036CE}"
	ProjectSection(WebsiteProperties) = preProject
		UseIISExpress = "true"
		TargetFrameworkMoniker = ".NETFramework,Version%3Dv4.5"
		Debug.AspNetCompiler.VirtualPath = "/localhost_54908"
		Debug.AspNetCompiler.PhysicalPath = "..\Music Player Online\"
		Debug.AspNetCompiler.TargetPath = "PrecompiledWeb\localhost_54908\"
		Debug.AspNetCompiler.Updateable = "true"
		Debug.AspNetCompiler.ForceOverwrite = "true"
		Debug.AspNetCompiler.FixedNames = "false"
		Debug.AspNetCompiler.Debug = "True"
		Release.AspNetCompiler.VirtualPath = "/localhost_54908"
		Release.AspNetCompiler.PhysicalPath = "..\Music Player Online\"
		Release.AspNetCompiler.TargetPath = "PrecompiledWeb\localhost_54908\"
		Release.AspNetCompiler.Updateable = "true"
		Release.AspNetCompiler.ForceOverwrite = "true"
		Release.AspNetCompiler.FixedNames = "false"
		Release.AspNetCompiler.Debug = "False"
		SlnRelativePath = "..\Music Player Online\"
	EndProjectSection
EndProject
Project("{E24C65DC-7377-472B-9ABA-BC803B73C61A}") = "WebTest", "http://localhost:23072", "{27F4B4A0-5660-4BBB-B173-DDF449492FCC}"
	ProjectSection(WebsiteProperties) = preProject
		UseIISExpress = "true"
		TargetFrameworkMoniker = ".NETFramework,Version%3Dv4.5"
		Debug.AspNetCompiler.VirtualPath = "/localhost_23072"
		Debug.AspNetCompiler.PhysicalPath = "..\WebTest\"
		Debug.AspNetCompiler.TargetPath = "PrecompiledWeb\localhost_23072\"
		Debug.AspNetCompiler.Updateable = "true"
		Debug.AspNetCompiler.ForceOverwrite = "true"
		Debug.AspNetCompiler.FixedNames = "false"
		Debug.AspNetCompiler.Debug = "True"
		Release.AspNetCompiler.VirtualPath = "/localhost_23072"
		Release.AspNetCompiler.PhysicalPath = "..\WebTest\"
		Release.AspNetCompiler.TargetPath = "PrecompiledWeb\localhost_23072\"
		Release.AspNetCompiler.Updateable = "true"
		Release.AspNetCompiler.ForceOverwrite = "true"
		Release.AspNetCompiler.FixedNames = "false"
		Release.AspNetCompiler.Debug = "False"
		SlnRelativePath = "..\WebTest\"
	EndProjectSection
EndProject
Project("{E24C65DC-7377-472B-9ABA-BC803B73C61A}") = "大作业模板", "D:\Study\ASP.NET\大作业模板\", "{FD7CCF20-3FB9-4A4F-9DD6-DE54306AC6F5}"
	ProjectSection(WebsiteProperties) = preProject
		TargetFrameworkMoniker = ".NETFramework,Version%3Dv4.0"
		Debug.AspNetCompiler.VirtualPath = "/大作业模板"
		Debug.AspNetCompiler.PhysicalPath = "D:\Study\ASP.NET\大作业模板\"
		Debug.AspNetCompiler.TargetPath = "PrecompiledWeb\大作业模板\"
		Debug.AspNetCompiler.Updateable = "true"
		Debug.AspNetCompiler.ForceOverwrite = "true"
		Debug.AspNetCompiler.FixedNames = "false"
		Debug.AspNetCompiler.Debug = "True"
		Release.AspNetCompiler.VirtualPath = "/大作业模板"
		Release.AspNetCompiler.PhysicalPath = "D:\Study\ASP.NET\大作业模板\"
		Release.AspNetCompiler.TargetPath = "PrecompiledWeb\大作业模板\"
		Release.AspNetCompiler.Updateable = "true"
		Release.AspNetCompiler.ForceOverwrite = "true"
		Release.AspNetCompiler.FixedNames = "false"
		Release.AspNetCompiler.Debug = "False"
		VWDPort = "22788"
	EndProjectSection
EndProject
Global
	GlobalSection(SolutionConfigurationPlatforms) = preSolution
		Debug|Any CPU = Debug|Any CPU
	EndGlobalSection
	GlobalSection(ProjectConfigurationPlatforms) = postSolution
		{49020949-84BC-4760-B4F9-FB28D03036CE}.Debug|Any CPU.ActiveCfg = Debug|Any CPU
		{49020949-84BC-4760-B4F9-FB28D03036CE}.Debug|Any CPU.Build.0 = Debug|Any CPU
		{27F4B4A0-5660-4BBB-B173-DDF449492FCC}.Debug|Any CPU.ActiveCfg = Debug|Any CPU
		{27F4B4A0-5660-4BBB-B173-DDF449492FCC}.Debug|Any CPU.Build.0 = Debug|Any CPU
		{FD7CCF20-3FB9-4A4F-9DD6-DE54306AC6F5}.Debug|Any CPU.ActiveCfg = Debug|Any CPU
		{FD7CCF20-3FB9-4A4F-9DD6-DE54306AC6F5}.Debug|Any CPU.Build.0 = Debug|Any CPU
	EndGlobalSection
	GlobalSection(SolutionProperties) = preSolution
		HideSolutionNode = FALSE
	EndGlobalSection
EndGlobal
